example.com/dra v1.4.0 h1:eeeeeeeeeeeeeeeeeeeeeeeeeeeeeeeeeeeeeeeeeee=
example.com/dra v1.4.0/go.mod h1:fffffffffffffffffffffffffffffffffffffffffff=
k8s.io/api v0.30.0 h1:ccccccccccccccccccccccccccccccccccccccccccc=
k8s.io/api v0.30.0/go.mod h1:ddddddddddddddddddddddddddddddddddddddddddd=
k8s.io/klog/v2 v2.120.1 h1:ggggggggggggggggggggggggggggggggggggggggggg=
